
Microsoft Visual Studio Solution File, Format Version 12.00
# Visual Studio Version 17
VisualStudioVersion = 17.14.36109.1 d17.14
MinimumVisualStudioVersion = 10.0.40219.1
Project("{FAE04EC0-301F-11D3-BF4B-00C04F79EFBC}") = "washerscr", "washerscr\washerscr.csproj", "{A5F605C1-3AB7-4511-BC47-9111291F0C6D}"
EndProject
Global
	GlobalSection(SolutionConfigurationPlatforms) = preSolution
		Debug|Any CPU = Debug|Any CPU
		Release|Any CPU = Release|Any CPU
	EndGlobalSection
	GlobalSection(ProjectConfigurationPlatforms) = postSolution
		{A5F605C1-3AB7-4511-BC47-9111291F0C6D}.Debug|Any CPU.ActiveCfg = Debug|Any CPU
		{A5F605C1-3AB7-4511-BC47-9111291F0C6D}.Debug|Any CPU.Build.0 = Debug|Any CPU
		{A5F605C1-3AB7-4511-BC47-9111291F0C6D}.Release|Any CPU.ActiveCfg = Release|Any CPU
		{A5F605C1-3AB7-4511-BC47-9111291F0C6D}.Release|Any CPU.Build.0 = Release|Any CPU
	EndGlobalSection
	GlobalSection(SolutionProperties) = preSolution
		HideSolutionNode = FALSE
	EndGlobalSection
	GlobalSection(ExtensibilityGlobals) = postSolution
		SolutionGuid = {DAA8FC90-0C4D-4E59-951E-C11976D67B5A}
	EndGlobalSection
EndGlobal
